<?xml version="1.0" encoding="utf-8"?>
<Project ToolsVersion="4.0" xmlns="http://schemas.microsoft.com/developer/msbuild/2003">
  <ItemGroup>
    <Filter Include="Source Files">
      <UniqueIdentifier>{4FC737F1-C7A5-4376-A066-2A32D752A2FF}</UniqueIdentifier>
      <Extensions>cpp;c;cc;cxx;def;odl;idl;hpj;bat;asm;asmx</Extensions>
    </Filter>
    <Filter Include="Header Files">
      <UniqueIdentifier>{93995380-89BD-4b04-88EB-625FBE52EBFB}</UniqueIdentifier>
      <Extensions>h;hh;hpp;hxx;hm;inl;inc;ipp;xsd</Extensions>
    </Filter>
    <Filter Include="Resource Files">
      <UniqueIdentifier>{67DA6AB6-F800-4c08-8B7A-83BB121AAD01}</UniqueIdentifier>
      <Extensions>rc;ico;cur;bmp;dlg;rc2;rct;bin;rgs;gif;jpg;jpeg;jpe;resx;tiff;tif;png;wav;mfcribbon-ms</Extensions>
    </Filter>
    <Filter Include="Header Files\Stack">
      <UniqueIdentifier>{7673c83c-2d8a-4178-b7dc-cf54752cb0c3}</UniqueIdentifier>
    </Filter>
    <Filter Include="Header Files\List">
      <UniqueIdentifier>{4685bfdd-2617-4147-863c-46580340bac3}</UniqueIdentifier>
    </Filter>
    <Filter Include="Source Files\List">
      <UniqueIdentifier>{6b92d655-3635-4550-a649-d0c9891b98eb}</UniqueIdentifier>
    </Filter>
    <Filter Include="Source Files\Stack">
      <UniqueIdentifier>{70bfca63-3bd5-42aa-80cc-065166ba58fd}</UniqueIdentifier>
    </Filter>
    <Filter Include="Header Files\Queue">
      <UniqueIdentifier>{09775cf7-86ea-4531-9142-4bf491bb4418}</UniqueIdentifier>
    </Filter>
    <Filter Include="Source Files\Queue">
      <UniqueIdentifier>{d840118b-2b59-41a1-af31-ab48cc99d025}</UniqueIdentifier>
    </Filter>
    <Filter Include="Header Files\Array">
      <UniqueIdentifier>{62db5b9c-b04d-4b4c-8c5d-ca8e5771dc38}</UniqueIdentifier>
    </Filter>
    <Filter Include="Source Files\Array">
      <UniqueIdentifier>{e7769ed3-2909-419c-9c6f-7ffd05f4b368}</UniqueIdentifier>
    </Filter>
    <Filter Include="Header Files\HashTable">
      <UniqueIdentifier>{353c493c-cca6-4dff-b84a-17fcf57f0e7e}</UniqueIdentifier>
    </Filter>
  </ItemGroup>
  <ItemGroup>
    <ClInclude Include="StackLinkedList.h">
      <Filter>Header Files\Stack</Filter>
    </ClInclude>
    <ClInclude Include="StackArray.h">
      <Filter>Header Files\Stack</Filter>
    </ClInclude>
    <ClInclude Include="LinkedList.h">
      <Filter>Header Files\List</Filter>
    </ClInclude>
    <ClInclude Include="QueueArray.h">
      <Filter>Header Files\Queue</Filter>
    </ClInclude>
    <ClInclude Include="QueueList.h">
      <Filter>Header Files\Queue</Filter>
    </ClInclude>
    <ClInclude Include="Array.h">
      <Filter>Header Files\Array</Filter>
    </ClInclude>
    <ClInclude Include="ArrayStack.h">
      <Filter>Header Files\Array</Filter>
    </ClInclude>
    <ClInclude Include="FastArrayStack.h">
      <Filter>Header Files\Array</Filter>
    </ClInclude>
    <ClInclude Include="ArrayQueue.h">
      <Filter>Header Files\Array</Filter>
    </ClInclude>
    <ClInclude Include="ArrayDeque.h">
      <Filter>Header Files\Array</Filter>
    </ClInclude>
    <ClInclude Include="SLList.h">
      <Filter>Header Files\List</Filter>
    </ClInclude>
    <ClInclude Include="DLList.h">
      <Filter>Header Files\List</Filter>
    </ClInclude>
    <ClInclude Include="SkiplistSSet.h">
      <Filter>Header Files\List</Filter>
    </ClInclude>
    <ClInclude Include="ChainedHashTable.h">
      <Filter>Header Files\HashTable</Filter>
    </ClInclude>
  </ItemGroup>
  <ItemGroup>
    <ClCompile Include="DoubleLinkedList.h">
      <Filter>Header Files\List</Filter>
    </ClCompile>
    <ClCompile Include="LinkedList.cpp">
      <Filter>Source Files\List</Filter>
    </ClCompile>
    <ClCompile Include="DoubleLinkedList.cpp">
      <Filter>Source Files\List</Filter>
    </ClCompile>
    <ClCompile Include="StackArray.cpp">
      <Filter>Source Files\Stack</Filter>
    </ClCompile>
    <ClCompile Include="StackLinkedList.cpp">
      <Filter>Source Files\Stack</Filter>
    </ClCompile>
    <ClCompile Include="QueueArray.cpp">
      <Filter>Source Files\Queue</Filter>
    </ClCompile>
    <ClCompile Include="QueueList.cpp">
      <Filter>Source Files\Queue</Filter>
    </ClCompile>
    <ClCompile Include="ArrayQueue.cpp">
      <Filter>Source Files\Array</Filter>
    </ClCompile>
    <ClCompile Include="ArrayDeque.cpp">
      <Filter>Source Files\Array</Filter>
    </ClCompile>
    <ClCompile Include="ArrayStack.cpp">
      <Filter>Source Files\Array</Filter>
    </ClCompile>
    <ClCompile Include="FastArrayStack.cpp">
      <Filter>Source Files\Array</Filter>
    </ClCompile>
    <ClCompile Include="Array.cpp">
      <Filter>Source Files\Array</Filter>
    </ClCompile>
    <ClCompile Include="SLList.cpp">
      <Filter>Source Files\List</Filter>
    </ClCompile>
    <ClCompile Include="DLList.cpp">
      <Filter>Source Files\List</Filter>
    </ClCompile>
    <ClCompile Include="ChainedHashTable.cpp">
      <Filter>Source Files</Filter>
    </ClCompile>
  </ItemGroup>
</Project>